// !$*UTF8*$!
{
	archiveVersion = 1;
	classes = {
	};
	objectVersion = 46;
	objects = {

/* Begin PBXBuildFile section */
		35CA025E1C60ED3200043AC1 /* AnimeListWeekInteractor.swift in Sources */ = {isa = PBXBuildFile; fileRef = 35CA025A1C60ED3200043AC1 /* AnimeListWeekInteractor.swift */; };
		35CA025F1C60ED3200043AC1 /* AnimeListWeekInteractorIO.swift in Sources */ = {isa = PBXBuildFile; fileRef = 35CA025B1C60ED3200043AC1 /* AnimeListWeekInteractorIO.swift */; };
		35CA02601C60ED3200043AC1 /* AnimeListWeekNetworkController.swift in Sources */ = {isa = PBXBuildFile; fileRef = 35CA025C1C60ED3200043AC1 /* AnimeListWeekNetworkController.swift */; };
		35CA02611C60ED3200043AC1 /* AnimeListWeekNetworkProtocol.swift in Sources */ = {isa = PBXBuildFile; fileRef = 35CA025D1C60ED3200043AC1 /* AnimeListWeekNetworkProtocol.swift */; };
		35CA02671C60F15B00043AC1 /* AnimeListWeekModuleInterface.swift in Sources */ = {isa = PBXBuildFile; fileRef = 35CA02621C60F15B00043AC1 /* AnimeListWeekModuleInterface.swift */; };
		35CA02681C60F15B00043AC1 /* AnimeListWeekPresenter.swift in Sources */ = {isa = PBXBuildFile; fileRef = 35CA02631C60F15B00043AC1 /* AnimeListWeekPresenter.swift */; };
		35CA02691C60F15B00043AC1 /* AnimeListWeekViewController.swift in Sources */ = {isa = PBXBuildFile; fileRef = 35CA02641C60F15B00043AC1 /* AnimeListWeekViewController.swift */; };
		35CA026A1C60F15B00043AC1 /* AnimeListWeekViewInterface.swift in Sources */ = {isa = PBXBuildFile; fileRef = 35CA02651C60F15B00043AC1 /* AnimeListWeekViewInterface.swift */; };
		35CA026B1C60F15B00043AC1 /* AnimeListWeekWireframe.swift in Sources */ = {isa = PBXBuildFile; fileRef = 35CA02661C60F15B00043AC1 /* AnimeListWeekWireframe.swift */; };
		35CA026E1C60FC6000043AC1 /* AnimeListWeekEpisodeCell.swift in Sources */ = {isa = PBXBuildFile; fileRef = 35CA026C1C60FC6000043AC1 /* AnimeListWeekEpisodeCell.swift */; };
		35CA026F1C60FC6000043AC1 /* AnimeListWeekHeaderCell.swift in Sources */ = {isa = PBXBuildFile; fileRef = 35CA026D1C60FC6000043AC1 /* AnimeListWeekHeaderCell.swift */; };
		35CA02721C60FCB000043AC1 /* AnimeListWeekEpisodeViewItem.swift in Sources */ = {isa = PBXBuildFile; fileRef = 35CA02701C60FCB000043AC1 /* AnimeListWeekEpisodeViewItem.swift */; };
		35CA02731C60FCB000043AC1 /* AnimeListWeekViewItem.swift in Sources */ = {isa = PBXBuildFile; fileRef = 35CA02711C60FCB000043AC1 /* AnimeListWeekViewItem.swift */; };
		35CA02761C60FCDC00043AC1 /* AnimeListWeekItem.swift in Sources */ = {isa = PBXBuildFile; fileRef = 35CA02741C60FCDC00043AC1 /* AnimeListWeekItem.swift */; };
		35CA02771C60FCDC00043AC1 /* AnimeListWeekJSONItem.swift in Sources */ = {isa = PBXBuildFile; fileRef = 35CA02751C60FCDC00043AC1 /* AnimeListWeekJSONItem.swift */; };
		35CA027B1C60FF1B00043AC1 /* ImageAPIService.swift in Sources */ = {isa = PBXBuildFile; fileRef = 35CA02791C60FF1B00043AC1 /* ImageAPIService.swift */; };
		35CA027C1C60FF1B00043AC1 /* ImageRouter.swift in Sources */ = {isa = PBXBuildFile; fileRef = 35CA027A1C60FF1B00043AC1 /* ImageRouter.swift */; };
		35CA02821C61005700043AC1 /* AnilistAnimeAPIService.swift in Sources */ = {isa = PBXBuildFile; fileRef = 35CA02801C61005700043AC1 /* AnilistAnimeAPIService.swift */; };
		35CA02831C61005700043AC1 /* AnimeRouter.swift in Sources */ = {isa = PBXBuildFile; fileRef = 35CA02811C61005700043AC1 /* AnimeRouter.swift */; };
		35CA02871C61010000043AC1 /* AnilistAuthAPIService.swift in Sources */ = {isa = PBXBuildFile; fileRef = 35CA02841C61010000043AC1 /* AnilistAuthAPIService.swift */; };
		35CA02891C61010000043AC1 /* AnilistAuthRouter.swift in Sources */ = {isa = PBXBuildFile; fileRef = 35CA02861C61010000043AC1 /* AnilistAuthRouter.swift */; };
		35CA028C1C6102B000043AC1 /* AnilistAPIService.swift in Sources */ = {isa = PBXBuildFile; fileRef = 35CA028A1C6102B000043AC1 /* AnilistAPIService.swift */; };
		35CA028D1C6102B000043AC1 /* AnimeAPIServiceProtocol.swift in Sources */ = {isa = PBXBuildFile; fileRef = 35CA028B1C6102B000043AC1 /* AnimeAPIServiceProtocol.swift */; };
		35CA02911C6102ED00043AC1 /* RouterProtocol.swift in Sources */ = {isa = PBXBuildFile; fileRef = 35CA028F1C6102ED00043AC1 /* RouterProtocol.swift */; };
		35CA02941C62026100043AC1 /* Categorise.swift in Sources */ = {isa = PBXBuildFile; fileRef = 35CA02931C62026100043AC1 /* Categorise.swift */; };
		35CA02981C62030700043AC1 /* Episode.swift in Sources */ = {isa = PBXBuildFile; fileRef = 35CA02961C62030700043AC1 /* Episode.swift */; };
		35CA02991C62030700043AC1 /* EpisodeRepository.swift in Sources */ = {isa = PBXBuildFile; fileRef = 35CA02971C62030700043AC1 /* EpisodeRepository.swift */; };
		69D508901BA8638000677D3C /* AppDelegate.swift in Sources */ = {isa = PBXBuildFile; fileRef = 69D5088F1BA8638000677D3C /* AppDelegate.swift */; };
		69D508971BA8638100677D3C /* Images.xcassets in Resources */ = {isa = PBXBuildFile; fileRef = 69D508961BA8638100677D3C /* Images.xcassets */; };
		69D508A61BA8638100677D3C /* AniMeeTests.swift in Sources */ = {isa = PBXBuildFile; fileRef = 69D508A51BA8638100677D3C /* AniMeeTests.swift */; };
		69D508B61BA8648800677D3C /* APIDateISO8601Transform.swift in Sources */ = {isa = PBXBuildFile; fileRef = 69D508B41BA8648800677D3C /* APIDateISO8601Transform.swift */; };
		69D508BB1BA8673700677D3C /* RootWireframe.swift in Sources */ = {isa = PBXBuildFile; fileRef = 69D508BA1BA8673700677D3C /* RootWireframe.swift */; };
		69D508CC1BA86CFD00677D3C /* Main.storyboard in Resources */ = {isa = PBXBuildFile; fileRef = 69D508CA1BA86CFD00677D3C /* Main.storyboard */; };
		69D508D11BA86D6B00677D3C /* LaunchScreen.xib in Resources */ = {isa = PBXBuildFile; fileRef = 69D508CF1BA86D6B00677D3C /* LaunchScreen.xib */; };
		A3C3AAB8F705D8DC0DE073D1 /* Pods_AniMee.framework in Frameworks */ = {isa = PBXBuildFile; fileRef = 4047B5D008C1D5BCBC7428D9 /* Pods_AniMee.framework */; };
/* End PBXBuildFile section */

/* Begin PBXContainerItemProxy section */
		69D508A01BA8638100677D3C /* PBXContainerItemProxy */ = {
			isa = PBXContainerItemProxy;
			containerPortal = 69D508821BA8638000677D3C /* Project object */;
			proxyType = 1;
			remoteGlobalIDString = 69D508891BA8638000677D3C;
			remoteInfo = AniMee;
		};
/* End PBXContainerItemProxy section */

/* Begin PBXFileReference section */
		163D61B2C942956D23AA1567 /* Pods-AniMee.debug.xcconfig */ = {isa = PBXFileReference; includeInIndex = 1; lastKnownFileType = text.xcconfig; name = "Pods-AniMee.debug.xcconfig"; path = "Pods/Target Support Files/Pods-AniMee/Pods-AniMee.debug.xcconfig"; sourceTree = "<group>"; };
		35CA025A1C60ED3200043AC1 /* AnimeListWeekInteractor.swift */ = {isa = PBXFileReference; fileEncoding = 4; lastKnownFileType = sourcecode.swift; name = AnimeListWeekInteractor.swift; path = "../../../../../../../../../../Downloads/AniMee-develop/AniMee/Classes/Modules/Anime/List/Week/AnimeListWeekInteractor.swift"; sourceTree = "<group>"; };
		35CA025B1C60ED3200043AC1 /* AnimeListWeekInteractorIO.swift */ = {isa = PBXFileReference; fileEncoding = 4; lastKnownFileType = sourcecode.swift; name = AnimeListWeekInteractorIO.swift; path = "../../../../../../../../../../Downloads/AniMee-develop/AniMee/Classes/Modules/Anime/List/Week/AnimeListWeekInteractorIO.swift"; sourceTree = "<group>"; };
		35CA025C1C60ED3200043AC1 /* AnimeListWeekNetworkController.swift */ = {isa = PBXFileReference; fileEncoding = 4; lastKnownFileType = sourcecode.swift; name = AnimeListWeekNetworkController.swift; path = "../../../../../../../../../../Downloads/AniMee-develop/AniMee/Classes/Modules/Anime/List/Week/AnimeListWeekNetworkController.swift"; sourceTree = "<group>"; };
		35CA025D1C60ED3200043AC1 /* AnimeListWeekNetworkProtocol.swift */ = {isa = PBXFileReference; fileEncoding = 4; lastKnownFileType = sourcecode.swift; name = AnimeListWeekNetworkProtocol.swift; path = "../../../../../../../../../../Downloads/AniMee-develop/AniMee/Classes/Modules/Anime/List/Week/AnimeListWeekNetworkProtocol.swift"; sourceTree = "<group>"; };
		35CA02621C60F15B00043AC1 /* AnimeListWeekModuleInterface.swift */ = {isa = PBXFileReference; fileEncoding = 4; lastKnownFileType = sourcecode.swift; name = AnimeListWeekModuleInterface.swift; path = "../../../../../../../../../../Downloads/AniMee-develop/AniMee/Classes/Modules/Anime/List/Week/AnimeListWeekModuleInterface.swift"; sourceTree = "<group>"; };
		35CA02631C60F15B00043AC1 /* AnimeListWeekPresenter.swift */ = {isa = PBXFileReference; fileEncoding = 4; lastKnownFileType = sourcecode.swift; name = AnimeListWeekPresenter.swift; path = "../../../../../../../../../../Downloads/AniMee-develop/AniMee/Classes/Modules/Anime/List/Week/AnimeListWeekPresenter.swift"; sourceTree = "<group>"; };
		35CA02641C60F15B00043AC1 /* AnimeListWeekViewController.swift */ = {isa = PBXFileReference; fileEncoding = 4; lastKnownFileType = sourcecode.swift; name = AnimeListWeekViewController.swift; path = "../../../../../../../../../../Downloads/AniMee-develop/AniMee/Classes/Modules/Anime/List/Week/AnimeListWeekViewController.swift"; sourceTree = "<group>"; };
		35CA02651C60F15B00043AC1 /* AnimeListWeekViewInterface.swift */ = {isa = PBXFileReference; fileEncoding = 4; lastKnownFileType = sourcecode.swift; name = AnimeListWeekViewInterface.swift; path = "../../../../../../../../../../Downloads/AniMee-develop/AniMee/Classes/Modules/Anime/List/Week/AnimeListWeekViewInterface.swift"; sourceTree = "<group>"; };
		35CA02661C60F15B00043AC1 /* AnimeListWeekWireframe.swift */ = {isa = PBXFileReference; fileEncoding = 4; lastKnownFileType = sourcecode.swift; name = AnimeListWeekWireframe.swift; path = "../../../../../../../../../../Downloads/AniMee-develop/AniMee/Classes/Modules/Anime/List/Week/AnimeListWeekWireframe.swift"; sourceTree = "<group>"; };
		35CA026C1C60FC6000043AC1 /* AnimeListWeekEpisodeCell.swift */ = {isa = PBXFileReference; fileEncoding = 4; lastKnownFileType = sourcecode.swift; name = AnimeListWeekEpisodeCell.swift; path = "../../../../../../../../../../../Downloads/AniMee-develop/AniMee/Classes/Modules/Anime/List/Week/Cell/AnimeListWeekEpisodeCell.swift"; sourceTree = "<group>"; };
		35CA026D1C60FC6000043AC1 /* AnimeListWeekHeaderCell.swift */ = {isa = PBXFileReference; fileEncoding = 4; lastKnownFileType = sourcecode.swift; name = AnimeListWeekHeaderCell.swift; path = "../../../../../../../../../../../Downloads/AniMee-develop/AniMee/Classes/Modules/Anime/List/Week/Cell/AnimeListWeekHeaderCell.swift"; sourceTree = "<group>"; };
		35CA02701C60FCB000043AC1 /* AnimeListWeekEpisodeViewItem.swift */ = {isa = PBXFileReference; fileEncoding = 4; lastKnownFileType = sourcecode.swift; name = AnimeListWeekEpisodeViewItem.swift; path = "../../../../../../../../../../../Downloads/AniMee-develop/AniMee/Classes/Modules/Anime/List/Week/AnimeListWeekEpisodeViewItem.swift"; sourceTree = "<group>"; };
		35CA02711C60FCB000043AC1 /* AnimeListWeekViewItem.swift */ = {isa = PBXFileReference; fileEncoding = 4; lastKnownFileType = sourcecode.swift; name = AnimeListWeekViewItem.swift; path = "../../../../../../../../../../../Downloads/AniMee-develop/AniMee/Classes/Modules/Anime/List/Week/AnimeListWeekViewItem.swift"; sourceTree = "<group>"; };
		35CA02741C60FCDC00043AC1 /* AnimeListWeekItem.swift */ = {isa = PBXFileReference; fileEncoding = 4; lastKnownFileType = sourcecode.swift; name = AnimeListWeekItem.swift; path = "../../../../../../../../../../../Downloads/AniMee-develop/AniMee/Classes/Modules/Anime/List/Week/AnimeListWeekItem.swift"; sourceTree = "<group>"; };
		35CA02751C60FCDC00043AC1 /* AnimeListWeekJSONItem.swift */ = {isa = PBXFileReference; fileEncoding = 4; lastKnownFileType = sourcecode.swift; name = AnimeListWeekJSONItem.swift; path = "../../../../../../../../../../../Downloads/AniMee-develop/AniMee/Classes/Modules/Anime/List/Week/AnimeListWeekJSONItem.swift"; sourceTree = "<group>"; };
		35CA02791C60FF1B00043AC1 /* ImageAPIService.swift */ = {isa = PBXFileReference; fileEncoding = 4; lastKnownFileType = sourcecode.swift; name = ImageAPIService.swift; path = "../../../../../../../../Downloads/AniMee-develop/AniMee/Classes/Commons/API/Image/ImageAPIService.swift"; sourceTree = "<group>"; };
		35CA027A1C60FF1B00043AC1 /* ImageRouter.swift */ = {isa = PBXFileReference; fileEncoding = 4; lastKnownFileType = sourcecode.swift; name = ImageRouter.swift; path = "../../../../../../../../Downloads/AniMee-develop/AniMee/Classes/Commons/API/Image/ImageRouter.swift"; sourceTree = "<group>"; };
		35CA02801C61005700043AC1 /* AnilistAnimeAPIService.swift */ = {isa = PBXFileReference; fileEncoding = 4; lastKnownFileType = sourcecode.swift; name = AnilistAnimeAPIService.swift; path = "../../../../../../../../Downloads/AniMee-develop/AniMee/Classes/Commons/API/Anilist/Anime/AnilistAnimeAPIService.swift"; sourceTree = "<group>"; };
		35CA02811C61005700043AC1 /* AnimeRouter.swift */ = {isa = PBXFileReference; fileEncoding = 4; lastKnownFileType = sourcecode.swift; name = AnimeRouter.swift; path = "../../../../../../../../Downloads/AniMee-develop/AniMee/Classes/Commons/API/Anilist/Anime/AnimeRouter.swift"; sourceTree = "<group>"; };
		35CA02841C61010000043AC1 /* AnilistAuthAPIService.swift */ = {isa = PBXFileReference; fileEncoding = 4; lastKnownFileType = sourcecode.swift; name = AnilistAuthAPIService.swift; path = "../../../../../../../../Downloads/AniMee-develop/AniMee/Classes/Commons/API/Anilist/Auth/AnilistAuthAPIService.swift"; sourceTree = "<group>"; };
		35CA02861C61010000043AC1 /* AnilistAuthRouter.swift */ = {isa = PBXFileReference; fileEncoding = 4; lastKnownFileType = sourcecode.swift; name = AnilistAuthRouter.swift; path = "../../../../../../../../Downloads/AniMee-develop/AniMee/Classes/Commons/API/Anilist/Auth/AnilistAuthRouter.swift"; sourceTree = "<group>"; };
		35CA028A1C6102B000043AC1 /* AnilistAPIService.swift */ = {isa = PBXFileReference; fileEncoding = 4; lastKnownFileType = sourcecode.swift; name = AnilistAPIService.swift; path = "../../../../../../../../Downloads/AniMee-develop/AniMee/Classes/Commons/API/Anilist/AnilistAPIService.swift"; sourceTree = "<group>"; };
		35CA028B1C6102B000043AC1 /* AnimeAPIServiceProtocol.swift */ = {isa = PBXFileReference; fileEncoding = 4; lastKnownFileType = sourcecode.swift; name = AnimeAPIServiceProtocol.swift; path = "../../../../../../../../Downloads/AniMee-develop/AniMee/Classes/Commons/API/Anilist/AnimeAPIServiceProtocol.swift"; sourceTree = "<group>"; };
		35CA028F1C6102ED00043AC1 /* RouterProtocol.swift */ = {isa = PBXFileReference; fileEncoding = 4; lastKnownFileType = sourcecode.swift; name = RouterProtocol.swift; path = "../../../../../../../Downloads/AniMee-develop/AniMee/Classes/Commons/API/RouterProtocol.swift"; sourceTree = "<group>"; };
		35CA02931C62026100043AC1 /* Categorise.swift */ = {isa = PBXFileReference; fileEncoding = 4; lastKnownFileType = sourcecode.swift; name = Categorise.swift; path = "../../../../../../../Downloads/AniMee-develop/AniMee/Classes/Commons/Extensions/Categorise.swift"; sourceTree = "<group>"; };
		35CA02961C62030700043AC1 /* Episode.swift */ = {isa = PBXFileReference; fileEncoding = 4; lastKnownFileType = sourcecode.swift; name = Episode.swift; path = "../../../../../../../../Downloads/AniMee-develop/AniMee/Classes/Commons/Domain/Episode/Episode.swift"; sourceTree = "<group>"; };
		35CA02971C62030700043AC1 /* EpisodeRepository.swift */ = {isa = PBXFileReference; fileEncoding = 4; lastKnownFileType = sourcecode.swift; name = EpisodeRepository.swift; path = "../../../../../../../../Downloads/AniMee-develop/AniMee/Classes/Commons/Domain/Episode/EpisodeRepository.swift"; sourceTree = "<group>"; };
		4047B5D008C1D5BCBC7428D9 /* Pods_AniMee.framework */ = {isa = PBXFileReference; explicitFileType = wrapper.framework; includeInIndex = 0; path = Pods_AniMee.framework; sourceTree = BUILT_PRODUCTS_DIR; };
		45B90A448DE9B3D5C1B5E4CC /* Pods.framework */ = {isa = PBXFileReference; explicitFileType = wrapper.framework; includeInIndex = 0; path = Pods.framework; sourceTree = BUILT_PRODUCTS_DIR; };
		566E8C53D1B8647270A43707 /* Pods.debug.xcconfig */ = {isa = PBXFileReference; includeInIndex = 1; lastKnownFileType = text.xcconfig; name = Pods.debug.xcconfig; path = "Pods/Target Support Files/Pods/Pods.debug.xcconfig"; sourceTree = "<group>"; };
		69D5088A1BA8638000677D3C /* AniMee.app */ = {isa = PBXFileReference; explicitFileType = wrapper.application; includeInIndex = 0; path = AniMee.app; sourceTree = BUILT_PRODUCTS_DIR; };
		69D5088E1BA8638000677D3C /* Info.plist */ = {isa = PBXFileReference; lastKnownFileType = text.plist.xml; path = Info.plist; sourceTree = "<group>"; };
		69D5088F1BA8638000677D3C /* AppDelegate.swift */ = {isa = PBXFileReference; lastKnownFileType = sourcecode.swift; path = AppDelegate.swift; sourceTree = "<group>"; };
		69D508961BA8638100677D3C /* Images.xcassets */ = {isa = PBXFileReference; lastKnownFileType = folder.assetcatalog; path = Images.xcassets; sourceTree = "<group>"; };
		69D5089F1BA8638100677D3C /* AniMeeTests.xctest */ = {isa = PBXFileReference; explicitFileType = wrapper.cfbundle; includeInIndex = 0; path = AniMeeTests.xctest; sourceTree = BUILT_PRODUCTS_DIR; };
		69D508A41BA8638100677D3C /* Info.plist */ = {isa = PBXFileReference; lastKnownFileType = text.plist.xml; path = Info.plist; sourceTree = "<group>"; };
		69D508A51BA8638100677D3C /* AniMeeTests.swift */ = {isa = PBXFileReference; lastKnownFileType = sourcecode.swift; path = AniMeeTests.swift; sourceTree = "<group>"; };
		69D508B41BA8648800677D3C /* APIDateISO8601Transform.swift */ = {isa = PBXFileReference; fileEncoding = 4; lastKnownFileType = sourcecode.swift; path = APIDateISO8601Transform.swift; sourceTree = "<group>"; };
		69D508BA1BA8673700677D3C /* RootWireframe.swift */ = {isa = PBXFileReference; fileEncoding = 4; lastKnownFileType = sourcecode.swift; path = RootWireframe.swift; sourceTree = "<group>"; };
		69D508CB1BA86CFD00677D3C /* Base */ = {isa = PBXFileReference; lastKnownFileType = file.storyboard; name = Base; path = AniMee/Base.lproj/Main.storyboard; sourceTree = SOURCE_ROOT; };
		69D508D01BA86D6B00677D3C /* Base */ = {isa = PBXFileReference; lastKnownFileType = file.xib; name = Base; path = AniMee/Base.lproj/LaunchScreen.xib; sourceTree = SOURCE_ROOT; };
		932D6B899F805DB37AD7132B /* Pods.release.xcconfig */ = {isa = PBXFileReference; includeInIndex = 1; lastKnownFileType = text.xcconfig; name = Pods.release.xcconfig; path = "Pods/Target Support Files/Pods/Pods.release.xcconfig"; sourceTree = "<group>"; };
		E145C7DD3E7C417F50E6074F /* Pods-AniMee.release.xcconfig */ = {isa = PBXFileReference; includeInIndex = 1; lastKnownFileType = text.xcconfig; name = "Pods-AniMee.release.xcconfig"; path = "Pods/Target Support Files/Pods-AniMee/Pods-AniMee.release.xcconfig"; sourceTree = "<group>"; };
/* End PBXFileReference section */

/* Begin PBXFrameworksBuildPhase section */
		69D508871BA8638000677D3C /* Frameworks */ = {
			isa = PBXFrameworksBuildPhase;
			buildActionMask = 2147483647;
			files = (
				A3C3AAB8F705D8DC0DE073D1 /* Pods_AniMee.framework in Frameworks */,
			);
			runOnlyForDeploymentPostprocessing = 0;
		};
		69D5089C1BA8638100677D3C /* Frameworks */ = {
			isa = PBXFrameworksBuildPhase;
			buildActionMask = 2147483647;
			files = (
			);
			runOnlyForDeploymentPostprocessing = 0;
		};
/* End PBXFrameworksBuildPhase section */

/* Begin PBXGroup section */
		0A4C87E926BDB0B63253C1E8 /* Pods */ = {
			isa = PBXGroup;
			children = (
				566E8C53D1B8647270A43707 /* Pods.debug.xcconfig */,
				932D6B899F805DB37AD7132B /* Pods.release.xcconfig */,
				163D61B2C942956D23AA1567 /* Pods-AniMee.debug.xcconfig */,
				E145C7DD3E7C417F50E6074F /* Pods-AniMee.release.xcconfig */,
			);
			name = Pods;
			sourceTree = "<group>";
		};
		35CA02521C60C5B700043AC1 /* Anime */ = {
			isa = PBXGroup;
			children = (
				35CA02531C60C5CB00043AC1 /* List */,
			);
			path = Anime;
			sourceTree = "<group>";
		};
		35CA02531C60C5CB00043AC1 /* List */ = {
			isa = PBXGroup;
			children = (
				35CA02541C60C63400043AC1 /* Week */,
			);
			path = List;
			sourceTree = "<group>";
		};
		35CA02541C60C63400043AC1 /* Week */ = {
			isa = PBXGroup;
			children = (
				35CA02561C60C6E700043AC1 /* User Interface */,
				35CA02551C60C6D800043AC1 /* App Logic */,
			);
			path = Week;
			sourceTree = "<group>";
		};
		35CA02551C60C6D800043AC1 /* App Logic */ = {
			isa = PBXGroup;
			children = (
				35CA025A1C60ED3200043AC1 /* AnimeListWeekInteractor.swift */,
				35CA025B1C60ED3200043AC1 /* AnimeListWeekInteractorIO.swift */,
				35CA025C1C60ED3200043AC1 /* AnimeListWeekNetworkController.swift */,
				35CA025D1C60ED3200043AC1 /* AnimeListWeekNetworkProtocol.swift */,
				35CA02591C60C77500043AC1 /* Entity */,
			);
			path = "App Logic";
			sourceTree = "<group>";
		};
		35CA02561C60C6E700043AC1 /* User Interface */ = {
			isa = PBXGroup;
			children = (
				35CA02621C60F15B00043AC1 /* AnimeListWeekModuleInterface.swift */,
				35CA02631C60F15B00043AC1 /* AnimeListWeekPresenter.swift */,
				35CA02641C60F15B00043AC1 /* AnimeListWeekViewController.swift */,
				35CA02651C60F15B00043AC1 /* AnimeListWeekViewInterface.swift */,
				35CA02661C60F15B00043AC1 /* AnimeListWeekWireframe.swift */,
				35CA02581C60C76800043AC1 /* Entity */,
				35CA02571C60C75800043AC1 /* Cell */,
			);
			path = "User Interface";
			sourceTree = "<group>";
		};
		35CA02571C60C75800043AC1 /* Cell */ = {
			isa = PBXGroup;
			children = (
				35CA026C1C60FC6000043AC1 /* AnimeListWeekEpisodeCell.swift */,
				35CA026D1C60FC6000043AC1 /* AnimeListWeekHeaderCell.swift */,
			);
			path = Cell;
			sourceTree = "<group>";
		};
		35CA02581C60C76800043AC1 /* Entity */ = {
			isa = PBXGroup;
			children = (
				35CA02701C60FCB000043AC1 /* AnimeListWeekEpisodeViewItem.swift */,
				35CA02711C60FCB000043AC1 /* AnimeListWeekViewItem.swift */,
			);
			path = Entity;
			sourceTree = "<group>";
		};
		35CA02591C60C77500043AC1 /* Entity */ = {
			isa = PBXGroup;
			children = (
				35CA02741C60FCDC00043AC1 /* AnimeListWeekItem.swift */,
				35CA02751C60FCDC00043AC1 /* AnimeListWeekJSONItem.swift */,
			);
			path = Entity;
			sourceTree = "<group>";
		};
		35CA02781C60FEDD00043AC1 /* Image */ = {
			isa = PBXGroup;
			children = (
				35CA02791C60FF1B00043AC1 /* ImageAPIService.swift */,
				35CA027A1C60FF1B00043AC1 /* ImageRouter.swift */,
			);
			path = Image;
			sourceTree = "<group>";
		};
		35CA027D1C60FF4800043AC1 /* Anilist */ = {
			isa = PBXGroup;
			children = (
				35CA028A1C6102B000043AC1 /* AnilistAPIService.swift */,
				35CA028B1C6102B000043AC1 /* AnimeAPIServiceProtocol.swift */,
				35CA027F1C60FFA500043AC1 /* Auth */,
				35CA027E1C60FF9000043AC1 /* Anime */,
			);
			path = Anilist;
			sourceTree = "<group>";
		};
		35CA027E1C60FF9000043AC1 /* Anime */ = {
			isa = PBXGroup;
			children = (
				35CA02801C61005700043AC1 /* AnilistAnimeAPIService.swift */,
				35CA02811C61005700043AC1 /* AnimeRouter.swift */,
			);
			name = Anime;
			sourceTree = "<group>";
		};
		35CA027F1C60FFA500043AC1 /* Auth */ = {
			isa = PBXGroup;
			children = (
				35CA02841C61010000043AC1 /* AnilistAuthAPIService.swift */,
				35CA02861C61010000043AC1 /* AnilistAuthRouter.swift */,
			);
			name = Auth;
			sourceTree = "<group>";
		};
		35CA02921C62020C00043AC1 /* Extensions */ = {
			isa = PBXGroup;
			children = (
				35CA02931C62026100043AC1 /* Categorise.swift */,
			);
			path = Extensions;
			sourceTree = "<group>";
		};
		35CA02951C62028F00043AC1 /* Episode */ = {
			isa = PBXGroup;
			children = (
				35CA02961C62030700043AC1 /* Episode.swift */,
				35CA02971C62030700043AC1 /* EpisodeRepository.swift */,
			);
			path = Episode;
			sourceTree = "<group>";
		};
		69D508811BA8638000677D3C = {
			isa = PBXGroup;
			children = (
				69D5088C1BA8638000677D3C /* AniMee */,
				69D508A21BA8638100677D3C /* AniMeeTests */,
				69D5088B1BA8638000677D3C /* Products */,
				0A4C87E926BDB0B63253C1E8 /* Pods */,
				7EE775331AEA09B9C37AEC35 /* Frameworks */,
			);
			sourceTree = "<group>";
		};
		69D5088B1BA8638000677D3C /* Products */ = {
			isa = PBXGroup;
			children = (
				69D5088A1BA8638000677D3C /* AniMee.app */,
				69D5089F1BA8638100677D3C /* AniMeeTests.xctest */,
			);
			name = Products;
			sourceTree = "<group>";
		};
		69D5088C1BA8638000677D3C /* AniMee */ = {
			isa = PBXGroup;
			children = (
				69D508AF1BA8638700677D3C /* Classes */,
				69D508BC1BA868A500677D3C /* Resources */,
				69D5088D1BA8638000677D3C /* Supporting Files */,
			);
			path = AniMee;
			sourceTree = "<group>";
		};
		69D5088D1BA8638000677D3C /* Supporting Files */ = {
			isa = PBXGroup;
			children = (
				69D5088E1BA8638000677D3C /* Info.plist */,
			);
			name = "Supporting Files";
			sourceTree = "<group>";
		};
		69D508A21BA8638100677D3C /* AniMeeTests */ = {
			isa = PBXGroup;
			children = (
				69D508A51BA8638100677D3C /* AniMeeTests.swift */,
				69D508A31BA8638100677D3C /* Supporting Files */,
			);
			path = AniMeeTests;
			sourceTree = "<group>";
		};
		69D508A31BA8638100677D3C /* Supporting Files */ = {
			isa = PBXGroup;
			children = (
				69D508A41BA8638100677D3C /* Info.plist */,
			);
			name = "Supporting Files";
			sourceTree = "<group>";
		};
		69D508AF1BA8638700677D3C /* Classes */ = {
			isa = PBXGroup;
			children = (
				69D508B11BA863C000677D3C /* Commons */,
				69D508B01BA863B900677D3C /* Modules */,
				69D5088F1BA8638000677D3C /* AppDelegate.swift */,
			);
			path = Classes;
			sourceTree = "<group>";
		};
		69D508B01BA863B900677D3C /* Modules */ = {
			isa = PBXGroup;
			children = (
				35CA02521C60C5B700043AC1 /* Anime */,
				69D508B91BA8672000677D3C /* Root */,
			);
			path = Modules;
			sourceTree = "<group>";
		};
		69D508B11BA863C000677D3C /* Commons */ = {
			isa = PBXGroup;
			children = (
				35CA02921C62020C00043AC1 /* Extensions */,
				69D508B31BA8645300677D3C /* API */,
				69D508B21BA8643300677D3C /* Domain */,
			);
			path = Commons;
			sourceTree = "<group>";
		};
		69D508B21BA8643300677D3C /* Domain */ = {
			isa = PBXGroup;
			children = (
				35CA02951C62028F00043AC1 /* Episode */,
			);
			path = Domain;
			sourceTree = "<group>";
		};
		69D508B31BA8645300677D3C /* API */ = {
			isa = PBXGroup;
			children = (
				35CA028F1C6102ED00043AC1 /* RouterProtocol.swift */,
				35CA027D1C60FF4800043AC1 /* Anilist */,
				35CA02781C60FEDD00043AC1 /* Image */,
				69D508B81BA8649400677D3C /* Components */,
			);
			path = API;
			sourceTree = "<group>";
		};
		69D508B81BA8649400677D3C /* Components */ = {
			isa = PBXGroup;
			children = (
				69D508B41BA8648800677D3C /* APIDateISO8601Transform.swift */,
			);
			path = Components;
			sourceTree = "<group>";
		};
		69D508B91BA8672000677D3C /* Root */ = {
			isa = PBXGroup;
			children = (
				69D508BA1BA8673700677D3C /* RootWireframe.swift */,
			);
			path = Root;
			sourceTree = "<group>";
		};
		69D508BC1BA868A500677D3C /* Resources */ = {
			isa = PBXGroup;
			children = (
				69D508BE1BA868C000677D3C /* Storyboards */,
				69D508CF1BA86D6B00677D3C /* LaunchScreen.xib */,
				69D508961BA8638100677D3C /* Images.xcassets */,
			);
			path = Resources;
			sourceTree = "<group>";
		};
		69D508BE1BA868C000677D3C /* Storyboards */ = {
			isa = PBXGroup;
			children = (
				69D508CA1BA86CFD00677D3C /* Main.storyboard */,
			);
			path = Storyboards;
			sourceTree = "<group>";
		};
		7EE775331AEA09B9C37AEC35 /* Frameworks */ = {
			isa = PBXGroup;
			children = (
				45B90A448DE9B3D5C1B5E4CC /* Pods.framework */,
				4047B5D008C1D5BCBC7428D9 /* Pods_AniMee.framework */,
			);
			name = Frameworks;
			sourceTree = "<group>";
		};
/* End PBXGroup section */

/* Begin PBXNativeTarget section */
		69D508891BA8638000677D3C /* AniMee */ = {
			isa = PBXNativeTarget;
			buildConfigurationList = 69D508A91BA8638100677D3C /* Build configuration list for PBXNativeTarget "AniMee" */;
			buildPhases = (
				019878E077D9F022F19EE994 /* Check Pods Manifest.lock */,
				69D508861BA8638000677D3C /* Sources */,
				69D508871BA8638000677D3C /* Frameworks */,
				69D508881BA8638000677D3C /* Resources */,
				EB3D9BEE86C5DB8443A9A843 /* Embed Pods Frameworks */,
				6130C38562E6BBACDC1E3770 /* Copy Pods Resources */,
			);
			buildRules = (
			);
			dependencies = (
			);
			name = AniMee;
			productName = AniMee;
			productReference = 69D5088A1BA8638000677D3C /* AniMee.app */;
			productType = "com.apple.product-type.application";
		};
		69D5089E1BA8638100677D3C /* AniMeeTests */ = {
			isa = PBXNativeTarget;
			buildConfigurationList = 69D508AC1BA8638100677D3C /* Build configuration list for PBXNativeTarget "AniMeeTests" */;
			buildPhases = (
				69D5089B1BA8638100677D3C /* Sources */,
				69D5089C1BA8638100677D3C /* Frameworks */,
				69D5089D1BA8638100677D3C /* Resources */,
			);
			buildRules = (
			);
			dependencies = (
				69D508A11BA8638100677D3C /* PBXTargetDependency */,
			);
			name = AniMeeTests;
			productName = AniMeeTests;
			productReference = 69D5089F1BA8638100677D3C /* AniMeeTests.xctest */;
			productType = "com.apple.product-type.bundle.unit-test";
		};
/* End PBXNativeTarget section */

/* Begin PBXProject section */
		69D508821BA8638000677D3C /* Project object */ = {
			isa = PBXProject;
			attributes = {
				LastSwiftUpdateCheck = 0720;
				LastUpgradeCheck = 0640;
				ORGANIZATIONNAME = Mobilette;
				TargetAttributes = {
					69D508891BA8638000677D3C = {
						CreatedOnToolsVersion = 6.4;
					};
					69D5089E1BA8638100677D3C = {
						CreatedOnToolsVersion = 6.4;
						TestTargetID = 69D508891BA8638000677D3C;
					};
				};
			};
			buildConfigurationList = 69D508851BA8638000677D3C /* Build configuration list for PBXProject "AniMee" */;
			compatibilityVersion = "Xcode 3.2";
			developmentRegion = English;
			hasScannedForEncodings = 0;
			knownRegions = (
				Base,
			);
			mainGroup = 69D508811BA8638000677D3C;
			productRefGroup = 69D5088B1BA8638000677D3C /* Products */;
			projectDirPath = "";
			projectRoot = "";
			targets = (
				69D508891BA8638000677D3C /* AniMee */,
				69D5089E1BA8638100677D3C /* AniMeeTests */,
			);
		};
/* End PBXProject section */

/* Begin PBXResourcesBuildPhase section */
		69D508881BA8638000677D3C /* Resources */ = {
			isa = PBXResourcesBuildPhase;
			buildActionMask = 2147483647;
			files = (
				69D508CC1BA86CFD00677D3C /* Main.storyboard in Resources */,
				69D508D11BA86D6B00677D3C /* LaunchScreen.xib in Resources */,
				69D508971BA8638100677D3C /* Images.xcassets in Resources */,
			);
			runOnlyForDeploymentPostprocessing = 0;
		};
		69D5089D1BA8638100677D3C /* Resources */ = {
			isa = PBXResourcesBuildPhase;
			buildActionMask = 2147483647;
			files = (
			);
			runOnlyForDeploymentPostprocessing = 0;
		};
/* End PBXResourcesBuildPhase section */

/* Begin PBXShellScriptBuildPhase section */
		019878E077D9F022F19EE994 /* Check Pods Manifest.lock */ = {
			isa = PBXShellScriptBuildPhase;
			buildActionMask = 2147483647;
			files = (
			);
			inputPaths = (
			);
			name = "Check Pods Manifest.lock";
			outputPaths = (
			);
			runOnlyForDeploymentPostprocessing = 0;
			shellPath = /bin/sh;
			shellScript = "diff \"${PODS_ROOT}/../Podfile.lock\" \"${PODS_ROOT}/Manifest.lock\" > /dev/null\nif [[ $? != 0 ]] ; then\n    cat << EOM\nerror: The sandbox is not in sync with the Podfile.lock. Run 'pod install' or update your CocoaPods installation.\nEOM\n    exit 1\nfi\n";
			showEnvVarsInLog = 0;
		};
		6130C38562E6BBACDC1E3770 /* Copy Pods Resources */ = {
			isa = PBXShellScriptBuildPhase;
			buildActionMask = 2147483647;
			files = (
			);
			inputPaths = (
			);
			name = "Copy Pods Resources";
			outputPaths = (
			);
			runOnlyForDeploymentPostprocessing = 0;
			shellPath = /bin/sh;
			shellScript = "\"${SRCROOT}/Pods/Target Support Files/Pods-AniMee/Pods-AniMee-resources.sh\"\n";
			showEnvVarsInLog = 0;
		};
		EB3D9BEE86C5DB8443A9A843 /* Embed Pods Frameworks */ = {
			isa = PBXShellScriptBuildPhase;
			buildActionMask = 2147483647;
			files = (
			);
			inputPaths = (
			);
			name = "Embed Pods Frameworks";
			outputPaths = (
			);
			runOnlyForDeploymentPostprocessing = 0;
			shellPath = /bin/sh;
			shellScript = "\"${SRCROOT}/Pods/Target Support Files/Pods-AniMee/Pods-AniMee-frameworks.sh\"\n";
			showEnvVarsInLog = 0;
		};
/* End PBXShellScriptBuildPhase section */

/* Begin PBXSourcesBuildPhase section */
		69D508861BA8638000677D3C /* Sources */ = {
			isa = PBXSourcesBuildPhase;
			buildActionMask = 2147483647;
			files = (
				35CA027C1C60FF1B00043AC1 /* ImageRouter.swift in Sources */,
				35CA02821C61005700043AC1 /* AnilistAnimeAPIService.swift in Sources */,
				35CA02891C61010000043AC1 /* AnilistAuthRouter.swift in Sources */,
				35CA025F1C60ED3200043AC1 /* AnimeListWeekInteractorIO.swift in Sources */,
				35CA02831C61005700043AC1 /* AnimeRouter.swift in Sources */,
				35CA02941C62026100043AC1 /* Categorise.swift in Sources */,
				35CA02871C61010000043AC1 /* AnilistAuthAPIService.swift in Sources */,
				69D508BB1BA8673700677D3C /* RootWireframe.swift in Sources */,
				35CA02731C60FCB000043AC1 /* AnimeListWeekViewItem.swift in Sources */,
				35CA02771C60FCDC00043AC1 /* AnimeListWeekJSONItem.swift in Sources */,
				35CA026E1C60FC6000043AC1 /* AnimeListWeekEpisodeCell.swift in Sources */,
				35CA025E1C60ED3200043AC1 /* AnimeListWeekInteractor.swift in Sources */,
				35CA02761C60FCDC00043AC1 /* AnimeListWeekItem.swift in Sources */,
				35CA026A1C60F15B00043AC1 /* AnimeListWeekViewInterface.swift in Sources */,
				35CA028C1C6102B000043AC1 /* AnilistAPIService.swift in Sources */,
				35CA02691C60F15B00043AC1 /* AnimeListWeekViewController.swift in Sources */,
				69D508B61BA8648800677D3C /* APIDateISO8601Transform.swift in Sources */,
				35CA028D1C6102B000043AC1 /* AnimeAPIServiceProtocol.swift in Sources */,
				35CA02721C60FCB000043AC1 /* AnimeListWeekEpisodeViewItem.swift in Sources */,
				35CA027B1C60FF1B00043AC1 /* ImageAPIService.swift in Sources */,
				35CA02911C6102ED00043AC1 /* RouterProtocol.swift in Sources */,
				69D508901BA8638000677D3C /* AppDelegate.swift in Sources */,
				35CA026B1C60F15B00043AC1 /* AnimeListWeekWireframe.swift in Sources */,
				35CA026F1C60FC6000043AC1 /* AnimeListWeekHeaderCell.swift in Sources */,
				35CA02601C60ED3200043AC1 /* AnimeListWeekNetworkController.swift in Sources */,
				35CA02671C60F15B00043AC1 /* AnimeListWeekModuleInterface.swift in Sources */,
				35CA02991C62030700043AC1 /* EpisodeRepository.swift in Sources */,
				35CA02681C60F15B00043AC1 /* AnimeListWeekPresenter.swift in Sources */,
				35CA02981C62030700043AC1 /* Episode.swift in Sources */,
				35CA02611C60ED3200043AC1 /* AnimeListWeekNetworkProtocol.swift in Sources */,
			);
			runOnlyForDeploymentPostprocessing = 0;
		};
		69D5089B1BA8638100677D3C /* Sources */ = {
			isa = PBXSourcesBuildPhase;
			buildActionMask = 2147483647;
			files = (
				69D508A61BA8638100677D3C /* AniMeeTests.swift in Sources */,
			);
			runOnlyForDeploymentPostprocessing = 0;
		};
/* End PBXSourcesBuildPhase section */

/* Begin PBXTargetDependency section */
		69D508A11BA8638100677D3C /* PBXTargetDependency */ = {
			isa = PBXTargetDependency;
			target = 69D508891BA8638000677D3C /* AniMee */;
			targetProxy = 69D508A01BA8638100677D3C /* PBXContainerItemProxy */;
		};
/* End PBXTargetDependency section */

/* Begin PBXVariantGroup section */
		69D508CA1BA86CFD00677D3C /* Main.storyboard */ = {
			isa = PBXVariantGroup;
			children = (
				69D508CB1BA86CFD00677D3C /* Base */,
			);
			name = Main.storyboard;
			sourceTree = "<group>";
		};
		69D508CF1BA86D6B00677D3C /* LaunchScreen.xib */ = {
			isa = PBXVariantGroup;
			children = (
				69D508D01BA86D6B00677D3C /* Base */,
			);
			name = LaunchScreen.xib;
			sourceTree = "<group>";
		};
/* End PBXVariantGroup section */

/* Begin XCBuildConfiguration section */
		69D508A71BA8638100677D3C /* Debug */ = {
			isa = XCBuildConfiguration;
			buildSettings = {
				ALWAYS_SEARCH_USER_PATHS = NO;
				CLANG_CXX_LANGUAGE_STANDARD = "gnu++0x";
				CLANG_CXX_LIBRARY = "libc++";
				CLANG_ENABLE_MODULES = YES;
				CLANG_ENABLE_OBJC_ARC = YES;
				CLANG_WARN_BOOL_CONVERSION = YES;
				CLANG_WARN_CONSTANT_CONVERSION = YES;
				CLANG_WARN_DIRECT_OBJC_ISA_USAGE = YES_ERROR;
				CLANG_WARN_EMPTY_BODY = YES;
				CLANG_WARN_ENUM_CONVERSION = YES;
				CLANG_WARN_INT_CONVERSION = YES;
				CLANG_WARN_OBJC_ROOT_CLASS = YES_ERROR;
				CLANG_WARN_UNREACHABLE_CODE = YES;
				CLANG_WARN__DUPLICATE_METHOD_MATCH = YES;
				"CODE_SIGN_IDENTITY[sdk=iphoneos*]" = "iPhone Developer";
				COPY_PHASE_STRIP = NO;
				DEBUG_INFORMATION_FORMAT = "dwarf-with-dsym";
				ENABLE_STRICT_OBJC_MSGSEND = YES;
				GCC_C_LANGUAGE_STANDARD = gnu99;
				GCC_DYNAMIC_NO_PIC = NO;
				GCC_NO_COMMON_BLOCKS = YES;
				GCC_OPTIMIZATION_LEVEL = 0;
				GCC_PREPROCESSOR_DEFINITIONS = (
					"DEBUG=1",
					"$(inherited)",
				);
				GCC_SYMBOLS_PRIVATE_EXTERN = NO;
				GCC_WARN_64_TO_32_BIT_CONVERSION = YES;
				GCC_WARN_ABOUT_RETURN_TYPE = YES_ERROR;
				GCC_WARN_UNDECLARED_SELECTOR = YES;
				GCC_WARN_UNINITIALIZED_AUTOS = YES_AGGRESSIVE;
				GCC_WARN_UNUSED_FUNCTION = YES;
				GCC_WARN_UNUSED_VARIABLE = YES;
				IPHONEOS_DEPLOYMENT_TARGET = 8.4;
				MTL_ENABLE_DEBUG_INFO = YES;
				ONLY_ACTIVE_ARCH = YES;
				SDKROOT = iphoneos;
				SWIFT_OPTIMIZATION_LEVEL = "-Onone";
				TARGETED_DEVICE_FAMILY = "1,2";
			};
			name = Debug;
		};
		69D508A81BA8638100677D3C /* Release */ = {
			isa = XCBuildConfiguration;
			buildSettings = {
				ALWAYS_SEARCH_USER_PATHS = NO;
				CLANG_CXX_LANGUAGE_STANDARD = "gnu++0x";
				CLANG_CXX_LIBRARY = "libc++";
				CLANG_ENABLE_MODULES = YES;
				CLANG_ENABLE_OBJC_ARC = YES;
				CLANG_WARN_BOOL_CONVERSION = YES;
				CLANG_WARN_CONSTANT_CONVERSION = YES;
				CLANG_WARN_DIRECT_OBJC_ISA_USAGE = YES_ERROR;
				CLANG_WARN_EMPTY_BODY = YES;
				CLANG_WARN_ENUM_CONVERSION = YES;
				CLANG_WARN_INT_CONVERSION = YES;
				CLANG_WARN_OBJC_ROOT_CLASS = YES_ERROR;
				CLANG_WARN_UNREACHABLE_CODE = YES;
				CLANG_WARN__DUPLICATE_METHOD_MATCH = YES;
				"CODE_SIGN_IDENTITY[sdk=iphoneos*]" = "iPhone Developer";
				COPY_PHASE_STRIP = NO;
				DEBUG_INFORMATION_FORMAT = "dwarf-with-dsym";
				ENABLE_NS_ASSERTIONS = NO;
				ENABLE_STRICT_OBJC_MSGSEND = YES;
				GCC_C_LANGUAGE_STANDARD = gnu99;
				GCC_NO_COMMON_BLOCKS = YES;
				GCC_WARN_64_TO_32_BIT_CONVERSION = YES;
				GCC_WARN_ABOUT_RETURN_TYPE = YES_ERROR;
				GCC_WARN_UNDECLARED_SELECTOR = YES;
				GCC_WARN_UNINITIALIZED_AUTOS = YES_AGGRESSIVE;
				GCC_WARN_UNUSED_FUNCTION = YES;
				GCC_WARN_UNUSED_VARIABLE = YES;
				IPHONEOS_DEPLOYMENT_TARGET = 8.4;
				MTL_ENABLE_DEBUG_INFO = NO;
				SDKROOT = iphoneos;
				TARGETED_DEVICE_FAMILY = "1,2";
				VALIDATE_PRODUCT = YES;
			};
			name = Release;
		};
		69D508AA1BA8638100677D3C /* Debug */ = {
			isa = XCBuildConfiguration;
			baseConfigurationReference = 163D61B2C942956D23AA1567 /* Pods-AniMee.debug.xcconfig */;
			buildSettings = {
				ASSETCATALOG_COMPILER_APPICON_NAME = AppIcon;
				INFOPLIST_FILE = AniMee/Info.plist;
				LD_RUNPATH_SEARCH_PATHS = "$(inherited) @executable_path/Frameworks";
				PRODUCT_NAME = "$(TARGET_NAME)";
			};
			name = Debug;
		};
		69D508AB1BA8638100677D3C /* Release */ = {
			isa = XCBuildConfiguration;
			baseConfigurationReference = E145C7DD3E7C417F50E6074F /* Pods-AniMee.release.xcconfig */;
			buildSettings = {
				ASSETCATALOG_COMPILER_APPICON_NAME = AppIcon;
				INFOPLIST_FILE = AniMee/Info.plist;
				LD_RUNPATH_SEARCH_PATHS = "$(inherited) @executable_path/Frameworks";
				PRODUCT_NAME = "$(TARGET_NAME)";
			};
			name = Release;
		};
		69D508AD1BA8638100677D3C /* Debug */ = {
			isa = XCBuildConfiguration;
			buildSettings = {
				BUNDLE_LOADER = "$(TEST_HOST)";
				FRAMEWORK_SEARCH_PATHS = (
					"$(SDKROOT)/Developer/Library/Frameworks",
					"$(inherited)",
				);
				GCC_PREPROCESSOR_DEFINITIONS = (
					"DEBUG=1",
					"$(inherited)",
				);
				INFOPLIST_FILE = AniMeeTests/Info.plist;
				LD_RUNPATH_SEARCH_PATHS = "$(inherited) @executable_path/Frameworks @loader_path/Frameworks";
				PRODUCT_NAME = "$(TARGET_NAME)";
				TEST_HOST = "$(BUILT_PRODUCTS_DIR)/AniMee.app/AniMee";
			};
			name = Debug;
		};
		69D508AE1BA8638100677D3C /* Release */ = {
			isa = XCBuildConfiguration;
			buildSettings = {
				BUNDLE_LOADER = "$(TEST_HOST)";
				FRAMEWORK_SEARCH_PATHS = (
					"$(SDKROOT)/Developer/Library/Frameworks",
					"$(inherited)",
				);
				INFOPLIST_FILE = AniMeeTests/Info.plist;
				LD_RUNPATH_SEARCH_PATHS = "$(inherited) @executable_path/Frameworks @loader_path/Frameworks";
				PRODUCT_NAME = "$(TARGET_NAME)";
				TEST_HOST = "$(BUILT_PRODUCTS_DIR)/AniMee.app/AniMee";
			};
			name = Release;
		};
/* End XCBuildConfiguration section */

/* Begin XCConfigurationList section */
		69D508851BA8638000677D3C /* Build configuration list for PBXProject "AniMee" */ = {
			isa = XCConfigurationList;
			buildConfigurations = (
				69D508A71BA8638100677D3C /* Debug */,
				69D508A81BA8638100677D3C /* Release */,
			);
			defaultConfigurationIsVisible = 0;
			defaultConfigurationName = Release;
		};
		69D508A91BA8638100677D3C /* Build configuration list for PBXNativeTarget "AniMee" */ = {
			isa = XCConfigurationList;
			buildConfigurations = (
				69D508AA1BA8638100677D3C /* Debug */,
				69D508AB1BA8638100677D3C /* Release */,
			);
			defaultConfigurationIsVisible = 0;
			defaultConfigurationName = Release;
		};
		69D508AC1BA8638100677D3C /* Build configuration list for PBXNativeTarget "AniMeeTests" */ = {
			isa = XCConfigurationList;
			buildConfigurations = (
				69D508AD1BA8638100677D3C /* Debug */,
				69D508AE1BA8638100677D3C /* Release */,
			);
			defaultConfigurationIsVisible = 0;
			defaultConfigurationName = Release;
		};
/* End XCConfigurationList section */
	};
	rootObject = 69D508821BA8638000677D3C /* Project object */;
}
